
Microsoft Visual Studio Solution File, Format Version 12.00
# Visual Studio Version 16
VisualStudioVersion = 16.0.28922.388
MinimumVisualStudioVersion = 10.0.40219.1
Project("{9092AA53-FB77-4645-B42D-1CCCA6BD08BD}") = "RainbowBOT JS", "RainbowBOT JS.njsproj", "{A639461D-5B10-40E2-95B8-1FF556C011B8}"
EndProject
Global
	GlobalSection(SolutionConfigurationPlatforms) = preSolution
		Debug|Any CPU = Debug|Any CPU
		Release|Any CPU = Release|Any CPU
	EndGlobalSection
	GlobalSection(ProjectConfigurationPlatforms) = postSolution
		{A639461D-5B10-40E2-95B8-1FF556C011B8}.Debug|Any CPU.ActiveCfg = Debug|Any CPU
		{A639461D-5B10-40E2-95B8-1FF556C011B8}.Debug|Any CPU.Build.0 = Debug|Any CPU
		{A639461D-5B10-40E2-95B8-1FF556C011B8}.Release|Any CPU.ActiveCfg = Release|Any CPU
		{A639461D-5B10-40E2-95B8-1FF556C011B8}.Release|Any CPU.Build.0 = Release|Any CPU
	EndGlobalSection
	GlobalSection(SolutionProperties) = preSolution
		HideSolutionNode = FALSE
	EndGlobalSection
	GlobalSection(ExtensibilityGlobals) = postSolution
		SolutionGuid = {C7394D35-1C5A-4A54-AD4F-A7D82508AF89}
	EndGlobalSection
EndGlobal
